
Microsoft Visual Studio Solution File, Format Version 12.00
# Visual Studio Version 16
VisualStudioVersion = 16.0.29123.88
MinimumVisualStudioVersion = 10.0.40219.1
Project("{FAE04EC0-301F-11D3-BF4B-00C04F79EFBC}") = "Proyectofinal", "Proyectofinal\Proyectofinal.csproj", "{C913CDE7-F24E-4B39-88F6-8F91E7823721}"
EndProject
Global
	GlobalSection(SolutionConfigurationPlatforms) = preSolution
		Debug|Any CPU = Debug|Any CPU
		Release|Any CPU = Release|Any CPU
	EndGlobalSection
	GlobalSection(ProjectConfigurationPlatforms) = postSolution
		{C913CDE7-F24E-4B39-88F6-8F91E7823721}.Debug|Any CPU.ActiveCfg = Debug|Any CPU
		{C913CDE7-F24E-4B39-88F6-8F91E7823721}.Debug|Any CPU.Build.0 = Debug|Any CPU
		{C913CDE7-F24E-4B39-88F6-8F91E7823721}.Release|Any CPU.ActiveCfg = Release|Any CPU
		{C913CDE7-F24E-4B39-88F6-8F91E7823721}.Release|Any CPU.Build.0 = Release|Any CPU
	EndGlobalSection
	GlobalSection(SolutionProperties) = preSolution
		HideSolutionNode = FALSE
	EndGlobalSection
	GlobalSection(ExtensibilityGlobals) = postSolution
		SolutionGuid = {8F4F2826-700B-480E-8558-7B603D8DF640}
	EndGlobalSection
EndGlobal
